
Microsoft Visual Studio Solution File, Format Version 12.00
# Visual Studio 2015
Project("{FAE04EC0-301F-11D3-BF4B-00C04F79EFBC}") = "VRCardGame.CSharp", "VRCardGame.CSharp.csproj", "{3000310F-F47A-0FA5-28C0-94ED6DEDE522}"
EndProject
Global
	GlobalSection(SolutionConfigurationPlatforms) = preSolution
		Debug|Any CPU = Debug|Any CPU
		Release|Any CPU = Release|Any CPU
	EndGlobalSection
	GlobalSection(ProjectConfigurationPlatforms) = postSolution
		{3000310F-F47A-0FA5-28C0-94ED6DEDE522}.Debug|Any CPU.ActiveCfg = Debug|Any CPU
		{3000310F-F47A-0FA5-28C0-94ED6DEDE522}.Debug|Any CPU.Build.0 = Debug|Any CPU
		{3000310F-F47A-0FA5-28C0-94ED6DEDE522}.Release|Any CPU.ActiveCfg = Release|Any CPU
		{3000310F-F47A-0FA5-28C0-94ED6DEDE522}.Release|Any CPU.Build.0 = Release|Any CPU
	EndGlobalSection
	GlobalSection(SolutionProperties) = preSolution
		HideSolutionNode = FALSE
	EndGlobalSection
EndGlobal
