Microsoft Visual Studio Solution File, Format Version 11.00
# Visual Studio 2008

Project("{60D8C770-649C-C0C3-FC27-644634B5DD13}") = "VRCardGame", "Assembly-CSharp.csproj", "{7487763C-1E83-CB07-40E5-1B1A2D90D028}"
EndProject
Global
	GlobalSection(SolutionConfigurationPlatforms) = preSolution
		Debug|Any CPU = Debug|Any CPU
		Release|Any CPU = Release|Any CPU
	EndGlobalSection
	GlobalSection(ProjectConfigurationPlatforms) = postSolution
		{7487763C-1E83-CB07-40E5-1B1A2D90D028}.Debug|Any CPU.ActiveCfg = Debug|Any CPU
		{7487763C-1E83-CB07-40E5-1B1A2D90D028}.Debug|Any CPU.Build.0 = Debug|Any CPU
		{7487763C-1E83-CB07-40E5-1B1A2D90D028}.Release|Any CPU.ActiveCfg = Release|Any CPU
		{7487763C-1E83-CB07-40E5-1B1A2D90D028}.Release|Any CPU.Build.0 = Release|Any CPU
	EndGlobalSection
	GlobalSection(SolutionProperties) = preSolution
		HideSolutionNode = FALSE
	EndGlobalSection
	GlobalSection(MonoDevelopProperties) = preSolution
		StartupItem = Assembly-CSharp.csproj
	EndGlobalSection
EndGlobal
